
Microsoft Visual Studio Solution File, Format Version 12.00
# Visual Studio Express 2013 for Windows
VisualStudioVersion = 12.0.30723.0
MinimumVisualStudioVersion = 10.0.40219.1
Project("{2150E333-8FDC-42A3-9474-1A3956D46DE8}") = "Tanks", "Tanks", "{0F4E0B90-B07D-452B-BE39-0A9CD4459002}"
EndProject
Project("{D954291E-2A0B-460D-934E-DC6B0785DB48}") = "Tanks.Shared", "Tanks\Tanks.Shared\Tanks.Shared.shproj", "{704F011D-86B6-4592-BB94-D0F04F4A5090}"
EndProject
Project("{262852C6-CD72-467D-83FE-5EEB1973A190}") = "Tanks.Windows", "Tanks\Tanks.Windows\Tanks.Windows.jsproj", "{ED0FBF36-003F-4B56-83D2-8B76CDB8FA9D}"
EndProject
Project("{262852C6-CD72-467D-83FE-5EEB1973A190}") = "Tanks.WindowsPhone", "Tanks\Tanks.WindowsPhone\Tanks.WindowsPhone.jsproj", "{F491F113-A69E-4A3D-A406-C875652C60DB}"
EndProject
Project("{FAE04EC0-301F-11D3-BF4B-00C04F79EFBC}") = "Tanks.Core", "Tanks.Core\Tanks.Core.csproj", "{EB6380C1-09FD-46D6-9CC2-119841CCB158}"
EndProject
Global
	GlobalSection(SharedMSBuildProjectFiles) = preSolution
		Tanks\Tanks.Shared\Tanks.Shared.projitems*{f491f113-a69e-4a3d-a406-c875652c60db}*SharedItemsImports = 5
		Tanks\Tanks.Shared\Tanks.Shared.projitems*{704f011d-86b6-4592-bb94-d0f04f4a5090}*SharedItemsImports = 13
		Tanks\Tanks.Shared\Tanks.Shared.projitems*{ed0fbf36-003f-4b56-83d2-8b76cdb8fa9d}*SharedItemsImports = 5
	EndGlobalSection
	GlobalSection(SolutionConfigurationPlatforms) = preSolution
		Debug|Any CPU = Debug|Any CPU
		Debug|ARM = Debug|ARM
		Debug|Mixed Platforms = Debug|Mixed Platforms
		Debug|Win32 = Debug|Win32
		Debug|x64 = Debug|x64
		Debug|x86 = Debug|x86
		Release|Any CPU = Release|Any CPU
		Release|ARM = Release|ARM
		Release|Mixed Platforms = Release|Mixed Platforms
		Release|Win32 = Release|Win32
		Release|x64 = Release|x64
		Release|x86 = Release|x86
	EndGlobalSection
	GlobalSection(ProjectConfigurationPlatforms) = postSolution
		{ED0FBF36-003F-4B56-83D2-8B76CDB8FA9D}.Debug|Any CPU.ActiveCfg = Debug|Any CPU
		{ED0FBF36-003F-4B56-83D2-8B76CDB8FA9D}.Debug|Any CPU.Build.0 = Debug|Any CPU
		{ED0FBF36-003F-4B56-83D2-8B76CDB8FA9D}.Debug|Any CPU.Deploy.0 = Debug|Any CPU
		{ED0FBF36-003F-4B56-83D2-8B76CDB8FA9D}.Debug|ARM.ActiveCfg = Debug|ARM
		{ED0FBF36-003F-4B56-83D2-8B76CDB8FA9D}.Debug|ARM.Build.0 = Debug|ARM
		{ED0FBF36-003F-4B56-83D2-8B76CDB8FA9D}.Debug|ARM.Deploy.0 = Debug|ARM
		{ED0FBF36-003F-4B56-83D2-8B76CDB8FA9D}.Debug|Mixed Platforms.ActiveCfg = Debug|x86
		{ED0FBF36-003F-4B56-83D2-8B76CDB8FA9D}.Debug|Mixed Platforms.Build.0 = Debug|x86
		{ED0FBF36-003F-4B56-83D2-8B76CDB8FA9D}.Debug|Mixed Platforms.Deploy.0 = Debug|x86
		{ED0FBF36-003F-4B56-83D2-8B76CDB8FA9D}.Debug|Win32.ActiveCfg = Debug|x86
		{ED0FBF36-003F-4B56-83D2-8B76CDB8FA9D}.Debug|Win32.Build.0 = Debug|x86
		{ED0FBF36-003F-4B56-83D2-8B76CDB8FA9D}.Debug|Win32.Deploy.0 = Debug|x86
		{ED0FBF36-003F-4B56-83D2-8B76CDB8FA9D}.Debug|x64.ActiveCfg = Debug|x64
		{ED0FBF36-003F-4B56-83D2-8B76CDB8FA9D}.Debug|x64.Build.0 = Debug|x64
		{ED0FBF36-003F-4B56-83D2-8B76CDB8FA9D}.Debug|x64.Deploy.0 = Debug|x64
		{ED0FBF36-003F-4B56-83D2-8B76CDB8FA9D}.Debug|x86.ActiveCfg = Debug|x86
		{ED0FBF36-003F-4B56-83D2-8B76CDB8FA9D}.Debug|x86.Build.0 = Debug|x86
		{ED0FBF36-003F-4B56-83D2-8B76CDB8FA9D}.Debug|x86.Deploy.0 = Debug|x86
		{ED0FBF36-003F-4B56-83D2-8B76CDB8FA9D}.Release|Any CPU.ActiveCfg = Release|Any CPU
		{ED0FBF36-003F-4B56-83D2-8B76CDB8FA9D}.Release|Any CPU.Build.0 = Release|Any CPU
		{ED0FBF36-003F-4B56-83D2-8B76CDB8FA9D}.Release|Any CPU.Deploy.0 = Release|Any CPU
		{ED0FBF36-003F-4B56-83D2-8B76CDB8FA9D}.Release|ARM.ActiveCfg = Release|ARM
		{ED0FBF36-003F-4B56-83D2-8B76CDB8FA9D}.Release|ARM.Build.0 = Release|ARM
		{ED0FBF36-003F-4B56-83D2-8B76CDB8FA9D}.Release|ARM.Deploy.0 = Release|ARM
		{ED0FBF36-003F-4B56-83D2-8B76CDB8FA9D}.Release|Mixed Platforms.ActiveCfg = Release|x86
		{ED0FBF36-003F-4B56-83D2-8B76CDB8FA9D}.Release|Mixed Platforms.Build.0 = Release|x86
		{ED0FBF36-003F-4B56-83D2-8B76CDB8FA9D}.Release|Mixed Platforms.Deploy.0 = Release|x86
		{ED0FBF36-003F-4B56-83D2-8B76CDB8FA9D}.Release|Win32.ActiveCfg = Release|x86
		{ED0FBF36-003F-4B56-83D2-8B76CDB8FA9D}.Release|Win32.Build.0 = Release|x86
		{ED0FBF36-003F-4B56-83D2-8B76CDB8FA9D}.Release|Win32.Deploy.0 = Release|x86
		{ED0FBF36-003F-4B56-83D2-8B76CDB8FA9D}.Release|x64.ActiveCfg = Release|x64
		{ED0FBF36-003F-4B56-83D2-8B76CDB8FA9D}.Release|x64.Build.0 = Release|x64
		{ED0FBF36-003F-4B56-83D2-8B76CDB8FA9D}.Release|x64.Deploy.0 = Release|x64
		{ED0FBF36-003F-4B56-83D2-8B76CDB8FA9D}.Release|x86.ActiveCfg = Release|x86
		{ED0FBF36-003F-4B56-83D2-8B76CDB8FA9D}.Release|x86.Build.0 = Release|x86
		{ED0FBF36-003F-4B56-83D2-8B76CDB8FA9D}.Release|x86.Deploy.0 = Release|x86
		{F491F113-A69E-4A3D-A406-C875652C60DB}.Debug|Any CPU.ActiveCfg = Debug|Any CPU
		{F491F113-A69E-4A3D-A406-C875652C60DB}.Debug|Any CPU.Build.0 = Debug|Any CPU
		{F491F113-A69E-4A3D-A406-C875652C60DB}.Debug|Any CPU.Deploy.0 = Debug|Any CPU
		{F491F113-A69E-4A3D-A406-C875652C60DB}.Debug|ARM.ActiveCfg = Debug|ARM
		{F491F113-A69E-4A3D-A406-C875652C60DB}.Debug|ARM.Build.0 = Debug|ARM
		{F491F113-A69E-4A3D-A406-C875652C60DB}.Debug|ARM.Deploy.0 = Debug|ARM
		{F491F113-A69E-4A3D-A406-C875652C60DB}.Debug|Mixed Platforms.ActiveCfg = Debug|x86
		{F491F113-A69E-4A3D-A406-C875652C60DB}.Debug|Mixed Platforms.Build.0 = Debug|x86
		{F491F113-A69E-4A3D-A406-C875652C60DB}.Debug|Mixed Platforms.Deploy.0 = Debug|x86
		{F491F113-A69E-4A3D-A406-C875652C60DB}.Debug|Win32.ActiveCfg = Debug|x86
		{F491F113-A69E-4A3D-A406-C875652C60DB}.Debug|Win32.Build.0 = Debug|x86
		{F491F113-A69E-4A3D-A406-C875652C60DB}.Debug|Win32.Deploy.0 = Debug|x86
		{F491F113-A69E-4A3D-A406-C875652C60DB}.Debug|x64.ActiveCfg = Debug|Any CPU
		{F491F113-A69E-4A3D-A406-C875652C60DB}.Debug|x86.ActiveCfg = Debug|x86
		{F491F113-A69E-4A3D-A406-C875652C60DB}.Debug|x86.Build.0 = Debug|x86
		{F491F113-A69E-4A3D-A406-C875652C60DB}.Debug|x86.Deploy.0 = Debug|x86
		{F491F113-A69E-4A3D-A406-C875652C60DB}.Release|Any CPU.ActiveCfg = Release|Any CPU
		{F491F113-A69E-4A3D-A406-C875652C60DB}.Release|Any CPU.Build.0 = Release|Any CPU
		{F491F113-A69E-4A3D-A406-C875652C60DB}.Release|Any CPU.Deploy.0 = Release|Any CPU
		{F491F113-A69E-4A3D-A406-C875652C60DB}.Release|ARM.ActiveCfg = Release|ARM
		{F491F113-A69E-4A3D-A406-C875652C60DB}.Release|ARM.Build.0 = Release|ARM
		{F491F113-A69E-4A3D-A406-C875652C60DB}.Release|ARM.Deploy.0 = Release|ARM
		{F491F113-A69E-4A3D-A406-C875652C60DB}.Release|Mixed Platforms.ActiveCfg = Release|x86
		{F491F113-A69E-4A3D-A406-C875652C60DB}.Release|Mixed Platforms.Build.0 = Release|x86
		{F491F113-A69E-4A3D-A406-C875652C60DB}.Release|Mixed Platforms.Deploy.0 = Release|x86
		{F491F113-A69E-4A3D-A406-C875652C60DB}.Release|Win32.ActiveCfg = Release|x86
		{F491F113-A69E-4A3D-A406-C875652C60DB}.Release|Win32.Build.0 = Release|x86
		{F491F113-A69E-4A3D-A406-C875652C60DB}.Release|Win32.Deploy.0 = Release|x86
		{F491F113-A69E-4A3D-A406-C875652C60DB}.Release|x64.ActiveCfg = Release|Any CPU
		{F491F113-A69E-4A3D-A406-C875652C60DB}.Release|x86.ActiveCfg = Release|x86
		{F491F113-A69E-4A3D-A406-C875652C60DB}.Release|x86.Build.0 = Release|x86
		{F491F113-A69E-4A3D-A406-C875652C60DB}.Release|x86.Deploy.0 = Release|x86
		{EB6380C1-09FD-46D6-9CC2-119841CCB158}.Debug|Any CPU.ActiveCfg = Debug|Any CPU
		{EB6380C1-09FD-46D6-9CC2-119841CCB158}.Debug|Any CPU.Build.0 = Debug|Any CPU
		{EB6380C1-09FD-46D6-9CC2-119841CCB158}.Debug|ARM.ActiveCfg = Debug|Any CPU
		{EB6380C1-09FD-46D6-9CC2-119841CCB158}.Debug|Mixed Platforms.ActiveCfg = Debug|Any CPU
		{EB6380C1-09FD-46D6-9CC2-119841CCB158}.Debug|Mixed Platforms.Build.0 = Debug|Any CPU
		{EB6380C1-09FD-46D6-9CC2-119841CCB158}.Debug|Win32.ActiveCfg = Debug|Any CPU
		{EB6380C1-09FD-46D6-9CC2-119841CCB158}.Debug|x64.ActiveCfg = Debug|Any CPU
		{EB6380C1-09FD-46D6-9CC2-119841CCB158}.Debug|x86.ActiveCfg = Debug|Any CPU
		{EB6380C1-09FD-46D6-9CC2-119841CCB158}.Release|Any CPU.ActiveCfg = Release|Any CPU
		{EB6380C1-09FD-46D6-9CC2-119841CCB158}.Release|Any CPU.Build.0 = Release|Any CPU
		{EB6380C1-09FD-46D6-9CC2-119841CCB158}.Release|ARM.ActiveCfg = Release|Any CPU
		{EB6380C1-09FD-46D6-9CC2-119841CCB158}.Release|Mixed Platforms.ActiveCfg = Release|Any CPU
		{EB6380C1-09FD-46D6-9CC2-119841CCB158}.Release|Mixed Platforms.Build.0 = Release|Any CPU
		{EB6380C1-09FD-46D6-9CC2-119841CCB158}.Release|Win32.ActiveCfg = Release|Any CPU
		{EB6380C1-09FD-46D6-9CC2-119841CCB158}.Release|x64.ActiveCfg = Release|Any CPU
		{EB6380C1-09FD-46D6-9CC2-119841CCB158}.Release|x86.ActiveCfg = Release|Any CPU
	EndGlobalSection
	GlobalSection(SolutionProperties) = preSolution
		HideSolutionNode = FALSE
	EndGlobalSection
	GlobalSection(NestedProjects) = preSolution
		{704F011D-86B6-4592-BB94-D0F04F4A5090} = {0F4E0B90-B07D-452B-BE39-0A9CD4459002}
		{ED0FBF36-003F-4B56-83D2-8B76CDB8FA9D} = {0F4E0B90-B07D-452B-BE39-0A9CD4459002}
		{F491F113-A69E-4A3D-A406-C875652C60DB} = {0F4E0B90-B07D-452B-BE39-0A9CD4459002}
	EndGlobalSection
EndGlobal
